
Microsoft Visual Studio Solution File, Format Version 12.00
# Visual Studio Version 16
VisualStudioVersion = 16.0.32510.428
MinimumVisualStudioVersion = 10.0.40219.1
Project("{FAE04EC0-301F-11D3-BF4B-00C04F79EFBC}") = "E_Mart", "E_Mart\E_Mart.csproj", "{1FB058F0-1856-497C-A22E-F9749C3979A7}"
EndProject
Global
	GlobalSection(SolutionConfigurationPlatforms) = preSolution
		Debug|Any CPU = Debug|Any CPU
		Release|Any CPU = Release|Any CPU
	EndGlobalSection
	GlobalSection(ProjectConfigurationPlatforms) = postSolution
		{1FB058F0-1856-497C-A22E-F9749C3979A7}.Debug|Any CPU.ActiveCfg = Debug|Any CPU
		{1FB058F0-1856-497C-A22E-F9749C3979A7}.Debug|Any CPU.Build.0 = Debug|Any CPU
		{1FB058F0-1856-497C-A22E-F9749C3979A7}.Release|Any CPU.ActiveCfg = Release|Any CPU
		{1FB058F0-1856-497C-A22E-F9749C3979A7}.Release|Any CPU.Build.0 = Release|Any CPU
	EndGlobalSection
	GlobalSection(SolutionProperties) = preSolution
		HideSolutionNode = FALSE
	EndGlobalSection
	GlobalSection(ExtensibilityGlobals) = postSolution
		SolutionGuid = {E5442DC3-2F59-49E4-A584-33B5E7633CFA}
	EndGlobalSection
EndGlobal
